
Microsoft Visual Studio Solution File, Format Version 12.00
# Visual Studio Version 17
VisualStudioVersion = 17.11.35327.3
MinimumVisualStudioVersion = 10.0.40219.1
Project("{FAE04EC0-301F-11D3-BF4B-00C04F79EFBC}") = "dz7", "dz7.csproj", "{C29F3FF2-F701-4871-8905-9423DF00B99D}"
EndProject
Global
	GlobalSection(SolutionConfigurationPlatforms) = preSolution
		Debug|Any CPU = Debug|Any CPU
		Release|Any CPU = Release|Any CPU
	EndGlobalSection
	GlobalSection(ProjectConfigurationPlatforms) = postSolution
		{C29F3FF2-F701-4871-8905-9423DF00B99D}.Debug|Any CPU.ActiveCfg = Debug|Any CPU
		{C29F3FF2-F701-4871-8905-9423DF00B99D}.Debug|Any CPU.Build.0 = Debug|Any CPU
		{C29F3FF2-F701-4871-8905-9423DF00B99D}.Release|Any CPU.ActiveCfg = Release|Any CPU
		{C29F3FF2-F701-4871-8905-9423DF00B99D}.Release|Any CPU.Build.0 = Release|Any CPU
	EndGlobalSection
	GlobalSection(SolutionProperties) = preSolution
		HideSolutionNode = FALSE
	EndGlobalSection
	GlobalSection(ExtensibilityGlobals) = postSolution
		SolutionGuid = {06242071-EDA9-403A-92AE-93D30AC2EFD6}
	EndGlobalSection
EndGlobal
